<?xml version="1.0" encoding="utf-8"?>
<Project ToolsVersion="4.0" xmlns="http://schemas.microsoft.com/developer/msbuild/2003">
  <ItemGroup>
    <Filter Include="Source Files">
      <UniqueIdentifier>{4FC737F1-C7A5-4376-A066-2A32D752A2FF}</UniqueIdentifier>
      <Extensions>cpp;c;cc;cxx;c++;cppm;ixx;def;odl;idl;hpj;bat;asm;asmx</Extensions>
    </Filter>
    <Filter Include="Header Files">
      <UniqueIdentifier>{93995380-89BD-4b04-88EB-625FBE52EBFB}</UniqueIdentifier>
      <Extensions>h;hh;hpp;hxx;h++;hm;inl;inc;ipp;xsd</Extensions>
    </Filter>
    <Filter Include="Resource Files">
      <UniqueIdentifier>{67DA6AB6-F800-4c08-8B7A-83BB121AAD01}</UniqueIdentifier>
      <Extensions>rc;ico;cur;bmp;dlg;rc2;rct;bin;rgs;gif;jpg;jpeg;jpe;resx;tiff;tif;png;wav;mfcribbon-ms</Extensions>
    </Filter>
  </ItemGroup>
  <ItemGroup>
    <ClInclude Include="AppState.h">
      <Filter>Header Files</Filter>
    </ClInclude>
    <ClInclude Include="Config.h">
      <Filter>Header Files</Filter>
    </ClInclude>
    <ClInclude Include="framework.h">
      <Filter>Header Files</Filter>
    </ClInclude>
    <ClInclude Include="GameProtection.h">
      <Filter>Header Files</Filter>
    </ClInclude>
    <ClInclude Include="KeyPolicy.h">
      <Filter>Header Files</Filter>
    </ClInclude>
    <ClInclude Include="InputLanguage.h">
      <Filter>Header Files</Filter>
    </ClInclude>
    <ClInclude Include="Localization.h">
      <Filter>Header Files</Filter>
    </ClInclude>
    <ClInclude Include="Logger.h">
      <Filter>Header Files</Filter>
    </ClInclude>
    <ClInclude Include="MainWindow.h">
      <Filter>Header Files</Filter>
    </ClInclude>
    <ClInclude Include="targetver.h">
      <Filter>Header Files</Filter>
    </ClInclude>
    <ClInclude Include="Resource.h">
      <Filter>Header Files</Filter>
    </ClInclude>
    <ClInclude Include="FFKeyLock.h">
      <Filter>Header Files</Filter>
    </ClInclude>
    <ClInclude Include="StringUtils.h">
      <Filter>Header Files</Filter>
    </ClInclude>
    <ClInclude Include="TrayIcon.h">
      <Filter>Header Files</Filter>
    </ClInclude>
    <ClInclude Include="WindowsKeyGuard.h">
      <Filter>Header Files</Filter>
    </ClInclude>
    <ClInclude Include="ThemeManager.h">
      <Filter>Header Files</Filter>
    </ClInclude>
    <ClInclude Include="OverlayNotificationManager.h">
      <Filter>Header Files</Filter>
    </ClInclude>
    <ClInclude Include="NotificationIdentity.h">
      <Filter>Header Files</Filter>
    </ClInclude>
    <ClInclude Include="Platform\DpiUtils.h">
      <Filter>Header Files</Filter>
    </ClInclude>
    <ClInclude Include="Platform\GdiUtils.h">
      <Filter>Header Files</Filter>
    </ClInclude>
    <ClInclude Include="Version.h">
      <Filter>Header Files</Filter>
    </ClInclude>
    <ClInclude Include="UI\Main\MainContentView.h">
      <Filter>UI\Main</Filter>
    </ClInclude>
    <ClInclude Include="UI\ProtectedPrograms\ProtectedProgramCommands.h">
      <Filter>UI\ProtectedPrograms</Filter>
    </ClInclude>
    <ClInclude Include="UI\Profiles\ProfileEditor.h">
      <Filter>UI\Profiles</Filter>
    </ClInclude>
  </ItemGroup>
  <ItemGroup>
    <ClCompile Include="AppState.cpp">
      <Filter>Source Files</Filter>
    </ClCompile>
    <ClCompile Include="Config.cpp">
      <Filter>Source Files</Filter>
    </ClCompile>
    <ClCompile Include="FFKeyLock.cpp">
      <Filter>Source Files</Filter>
    </ClCompile>
    <ClCompile Include="GameProtection.cpp">
      <Filter>Source Files</Filter>
    </ClCompile>
    <ClCompile Include="InputLanguage.cpp">
      <Filter>Source Files</Filter>
    </ClCompile>
    <ClCompile Include="Localization.cpp">
      <Filter>Source Files</Filter>
    </ClCompile>
    <ClCompile Include="Logger.cpp">
      <Filter>Source Files</Filter>
    </ClCompile>
    <ClCompile Include="MainWindow.cpp">
      <Filter>Source Files</Filter>
    </ClCompile>
    <ClCompile Include="StringUtils.cpp">
      <Filter>Source Files</Filter>
    </ClCompile>
    <ClCompile Include="TrayIcon.cpp">
      <Filter>Source Files</Filter>
    </ClCompile>
    <ClCompile Include="WindowsKeyGuard.cpp">
      <Filter>Source Files</Filter>
    </ClCompile>
    <ClCompile Include="ThemeManager.cpp">
      <Filter>Source Files</Filter>
    </ClCompile>
    <ClCompile Include="OverlayNotificationManager.cpp">
      <Filter>Source Files</Filter>
    </ClCompile>
    <ClCompile Include="NotificationIdentity.cpp">
      <Filter>Source Files</Filter>
    </ClCompile>
    <ClCompile Include="Platform\DpiUtils.cpp">
      <Filter>Source Files</Filter>
    </ClCompile>
    <ClCompile Include="Platform\GdiUtils.cpp">
      <Filter>Source Files</Filter>
    </ClCompile>
    <ClCompile Include="UI\Main\MainContentView.cpp">
      <Filter>UI\Main</Filter>
    </ClCompile>
    <ClCompile Include="UI\ProtectedPrograms\ProtectedProgramCommands.cpp">
      <Filter>UI\ProtectedPrograms</Filter>
    </ClCompile>
    <ClCompile Include="UI\Profiles\ProfileEditor.cpp">
      <Filter>UI\Profiles</Filter>
    </ClCompile>
  </ItemGroup>
  <ItemGroup>
    <ResourceCompile Include="FFKeyLock.rc">
      <Filter>Resource Files</Filter>
    </ResourceCompile>
  </ItemGroup>
  <ItemGroup>
    <Image Include="FFKeyLock.ico">
      <Filter>Resource Files</Filter>
    </Image>
  </ItemGroup>
  <ItemGroup>
    <Filter Include="UI"><UniqueIdentifier>{1ea2a9e5-030f-59f1-86f1-7d8cac856b61}</UniqueIdentifier></Filter>
    <Filter Include="UI\Controls"><UniqueIdentifier>{81eabd6d-2990-5c3a-ae32-607fcbc44896}</UniqueIdentifier></Filter>
    <Filter Include="UI\Library"><UniqueIdentifier>{615db9a7-8c51-5a2c-b3a3-c03833407726}</UniqueIdentifier></Filter>
    <Filter Include="UI\Main"><UniqueIdentifier>{59a42f84-409a-5bdd-9057-c13770a2ce53}</UniqueIdentifier></Filter>
    <Filter Include="UI\Menu"><UniqueIdentifier>{2e2b60d6-5861-5baa-81d1-7bad85d6fdff}</UniqueIdentifier></Filter>
    <Filter Include="UI\Profiles"><UniqueIdentifier>{b3ec8701-6eea-55ef-9c48-14c23a01e6ac}</UniqueIdentifier></Filter>
    <Filter Include="UI\ProtectedPrograms"><UniqueIdentifier>{9e4647db-89c0-5325-9547-c8a4d8d55541}</UniqueIdentifier></Filter>
    <Filter Include="UI\Rendering"><UniqueIdentifier>{1a1e04de-7c0c-50c6-ac60-c77d3425aa29}</UniqueIdentifier></Filter>
    <Filter Include="UI\Windows"><UniqueIdentifier>{c8438873-a856-5d4c-9ab6-f8aa53cb7b2b}</UniqueIdentifier></Filter>
  </ItemGroup>
  <ItemGroup>
    <ClInclude Include="UI\Controls\ScrollView.h">
      <Filter>UI\Controls</Filter>
    </ClInclude>
  </ItemGroup>
  <ItemGroup>
    <ClInclude Include="UI\Library\GameLibraryView.h">
      <Filter>UI\Library</Filter>
    </ClInclude>
  </ItemGroup>
  <ItemGroup>
    <ClInclude Include="UI\Menu\AppMenus.h">
      <Filter>UI\Menu</Filter>
    </ClInclude>
  </ItemGroup>
  <ItemGroup>
    <ClInclude Include="UI\Menu\MenuBar.h">
      <Filter>UI\Menu</Filter>
    </ClInclude>
  </ItemGroup>
  <ItemGroup>
    <ClInclude Include="UI\Menu\PopupMenu.h">
      <Filter>UI\Menu</Filter>
    </ClInclude>
  </ItemGroup>
  <ItemGroup>
    <ClInclude Include="UI\Rendering\NativeControls.h">
      <Filter>UI\Rendering</Filter>
    </ClInclude>
  </ItemGroup>
  <ItemGroup>
    <ClInclude Include="UI\Rendering\Surface.h">
      <Filter>UI\Rendering</Filter>
    </ClInclude>
  </ItemGroup>
  <ItemGroup>
    <ClInclude Include="UI\Windows\RunningProgramPicker.h">
      <Filter>UI\Windows</Filter>
    </ClInclude>
  </ItemGroup>
  <ItemGroup>
    <ClCompile Include="UI\Controls\ScrollView.cpp">
      <Filter>UI\Controls</Filter>
    </ClCompile>
  </ItemGroup>
  <ItemGroup>
    <ClCompile Include="UI\Library\GameLibraryView.cpp">
      <Filter>UI\Library</Filter>
    </ClCompile>
  </ItemGroup>
  <ItemGroup>
    <ClCompile Include="UI\Menu\AppMenus.cpp">
      <Filter>UI\Menu</Filter>
    </ClCompile>
  </ItemGroup>
  <ItemGroup>
    <ClCompile Include="UI\Menu\MenuBar.cpp">
      <Filter>UI\Menu</Filter>
    </ClCompile>
  </ItemGroup>
  <ItemGroup>
    <ClCompile Include="UI\Menu\PopupMenu.cpp">
      <Filter>UI\Menu</Filter>
    </ClCompile>
  </ItemGroup>
  <ItemGroup>
    <ClCompile Include="UI\Rendering\NativeControls.cpp">
      <Filter>UI\Rendering</Filter>
    </ClCompile>
  </ItemGroup>
  <ItemGroup>
    <ClCompile Include="UI\Rendering\Surface.cpp">
      <Filter>UI\Rendering</Filter>
    </ClCompile>
  </ItemGroup>
  <ItemGroup>
    <ClCompile Include="UI\Windows\RunningProgramPicker.cpp">
      <Filter>UI\Windows</Filter>
    </ClCompile>
  </ItemGroup>
</Project>
